{
    "_meta": {
        "hash": {
            "sha256": "cafc46b62a3ad97688f8d1c02bea4e4ae7a7d183e0020ddbe07ffda097faea13"
        },
        "pipfile-spec": 6,
        "requires": {
            "python_version": "3.13"
        },
        "sources": [
            {
                "name": "pypi",
                "url": "https://pypi.org/simple",
                "verify_ssl": true
            }
        ]
    },
    "default": {
        "z3-solver": {
            "hashes": [
                "sha256:00bd10c5a6a5f6112d3a9a810d0799227e52f76caa860dafa5e00966bb47eb13",
                "sha256:00e35b02632ed085ea8199fb230f6015e6fc40554a6680c097bd5f060e827431",
                "sha256:407e825cc9211f95ef46bdc8d151bf630e7ab2d62a21d24cd74c09cc5b73f3aa",
                "sha256:62c7e9cbdd711932301f29919ad9158de9b2f58b4d281dd259bbcd0a2f408ba1",
                "sha256:7e103a6f203f505b8b8b8e5c931cc407c95b61556512d4921c1ddc0b3f41b08e",
                "sha256:928c29b58c4eb62106da51c1914f6a4a55d0441f8f48a81b9da07950434a8946",
                "sha256:be3bc916545c96ffbf89e00d07104ff14f78336e55db069177a1bfbcc01b269d"
            ],
            "index": "pypi",
            "version": "==4.15.4.0"
        }
    },
    "develop": {}
}
